
Microsoft Visual Studio Solution File, Format Version 12.00
# Visual Studio 14
VisualStudioVersion = 14.0.23107.0
MinimumVisualStudioVersion = 10.0.40219.1
Project("{2150E333-8FDC-42A3-9474-1A3956D46DE8}") = "Business", "Business", "{68F4B255-0134-45ED-824A-434E9A70BE56}"
EndProject
Project("{2150E333-8FDC-42A3-9474-1A3956D46DE8}") = "Client", "Client", "{11300284-77EB-43D9-866D-06EADA9DBFEF}"
EndProject
Project("{2150E333-8FDC-42A3-9474-1A3956D46DE8}") = "Common", "Common", "{EA0EB936-C7BA-426C-9E50-71072947B8CF}"
EndProject
Project("{2150E333-8FDC-42A3-9474-1A3956D46DE8}") = "Core", "Core", "{76D7E202-ED75-483A-8B8B-2A1D0BBD1DCD}"
EndProject
Project("{2150E333-8FDC-42A3-9474-1A3956D46DE8}") = "Hosting", "Hosting", "{DED63AFA-9164-4889-BD12-B216C7327023}"
EndProject
Project("{2150E333-8FDC-42A3-9474-1A3956D46DE8}") = "Tests", "Tests", "{F56205F1-3560-48A4-A33F-D955A6C1D0D2}"
EndProject
Project("{FAE04EC0-301F-11D3-BF4B-00C04F79EFBC}") = "CarRental.Business", "CarRental.Business\CarRental.Business.csproj", "{D7EF49F6-5D52-4C30-B757-F98DEC320428}"
EndProject
Project("{FAE04EC0-301F-11D3-BF4B-00C04F79EFBC}") = "CarRental.Business.Bootstrapper", "CarRental.Business.Bootstrapper\CarRental.Business.Bootstrapper.csproj", "{0F7340B2-0308-4CEC-8171-CAB6BC96F361}"
EndProject
Project("{FAE04EC0-301F-11D3-BF4B-00C04F79EFBC}") = "CarRental.Business.Contracts", "CarRental.Business.Contracts\CarRental.Business.Contracts.csproj", "{6D678414-FD0F-4D3A-9FAE-CDAA8329E58C}"
EndProject
Project("{FAE04EC0-301F-11D3-BF4B-00C04F79EFBC}") = "CarRental.Business.Entities", "CarRental.Business.Entities\CarRental.Business.Entities.csproj", "{B6E7293E-3C01-41FB-9ABE-4D42A9E210CE}"
EndProject
Project("{FAE04EC0-301F-11D3-BF4B-00C04F79EFBC}") = "CarRental.Business.Managers", "CarRental.Business.Managers\CarRental.Business.Managers.csproj", "{09D30E7C-EAB7-4E40-A3EC-A0F04D9B6462}"
EndProject
Project("{FAE04EC0-301F-11D3-BF4B-00C04F79EFBC}") = "CarRental.Client.Bootstrapper", "CarRental.Client.Bootstrapper\CarRental.Client.Bootstrapper.csproj", "{D8522B46-5FFD-42DA-80E1-3B7BA8586FC7}"
EndProject
Project("{FAE04EC0-301F-11D3-BF4B-00C04F79EFBC}") = "CarRental.Client.Contracts", "CarRental.Client.Contracts\CarRental.Client.Contracts.csproj", "{7FDA51AA-1C83-4A0B-A3E1-410D474CB385}"
EndProject
Project("{FAE04EC0-301F-11D3-BF4B-00C04F79EFBC}") = "CarRental.Client.Entities", "CarRental.Client.Entities\CarRental.Client.Entities.csproj", "{C2A3C8B5-E06B-4B99-A47E-9AC8619D27D1}"
EndProject
Project("{FAE04EC0-301F-11D3-BF4B-00C04F79EFBC}") = "CarRental.Client.Proxies", "CarRental.Client.Proxies\CarRental.Client.Proxies.csproj", "{13CB237B-1B6A-4A3A-9BE6-5629238CE286}"
EndProject
Project("{FAE04EC0-301F-11D3-BF4B-00C04F79EFBC}") = "CarRental.Common", "CarRental.Common\CarRental.Common.csproj", "{40E872DE-0DB5-417F-B938-078A390F8D09}"
EndProject
Project("{FAE04EC0-301F-11D3-BF4B-00C04F79EFBC}") = "CarRental.Common.Contracts", "CarRental.Common.Contracts\CarRental.Common.Contracts.csproj", "{7D3301E0-32EE-4B92-B542-A8761CA46827}"
EndProject
Project("{FAE04EC0-301F-11D3-BF4B-00C04F79EFBC}") = "Core.Common", "Core.Common\Core.Common.csproj", "{796B1984-B39A-4BAB-A352-1F3132CAD326}"
EndProject
Project("{FAE04EC0-301F-11D3-BF4B-00C04F79EFBC}") = "Core.Common.Contracts", "Core.Common.Contracts\Core.Common.Contracts.csproj", "{F36730B7-2847-4F47-BB59-8288A9405C56}"
EndProject
Project("{FAE04EC0-301F-11D3-BF4B-00C04F79EFBC}") = "Core.Common.ServiceModel", "Core.Common.ServiceModel\Core.Common.ServiceModel.csproj", "{3C9E88BD-EE79-4D89-979D-3552A7C2A962}"
EndProject
Project("{FAE04EC0-301F-11D3-BF4B-00C04F79EFBC}") = "Core.Common.UI", "Core.Common.UI\Core.Common.UI.csproj", "{1B4FC3F8-C153-4590-8F8D-709EEE056059}"
EndProject
Project("{2150E333-8FDC-42A3-9474-1A3956D46DE8}") = "Resource Access", "Resource Access", "{F63B8C35-E482-4F14-90DC-3D06CF69A010}"
EndProject
Project("{FAE04EC0-301F-11D3-BF4B-00C04F79EFBC}") = "CarRental.Data", "CarRental.Data\CarRental.Data.csproj", "{AD13A0A6-6C82-4647-B5D2-AB2CFA66ADD7}"
EndProject
Project("{FAE04EC0-301F-11D3-BF4B-00C04F79EFBC}") = "CarRental.Data.Contracts", "CarRental.Data.Contracts\CarRental.Data.Contracts.csproj", "{D19CDD64-D61F-495E-B654-8B894E07E6FF}"
EndProject
Global
	GlobalSection(SolutionConfigurationPlatforms) = preSolution
		Debug|Any CPU = Debug|Any CPU
		Release|Any CPU = Release|Any CPU
	EndGlobalSection
	GlobalSection(ProjectConfigurationPlatforms) = postSolution
		{D7EF49F6-5D52-4C30-B757-F98DEC320428}.Debug|Any CPU.ActiveCfg = Debug|Any CPU
		{D7EF49F6-5D52-4C30-B757-F98DEC320428}.Debug|Any CPU.Build.0 = Debug|Any CPU
		{D7EF49F6-5D52-4C30-B757-F98DEC320428}.Release|Any CPU.ActiveCfg = Release|Any CPU
		{D7EF49F6-5D52-4C30-B757-F98DEC320428}.Release|Any CPU.Build.0 = Release|Any CPU
		{0F7340B2-0308-4CEC-8171-CAB6BC96F361}.Debug|Any CPU.ActiveCfg = Debug|Any CPU
		{0F7340B2-0308-4CEC-8171-CAB6BC96F361}.Debug|Any CPU.Build.0 = Debug|Any CPU
		{0F7340B2-0308-4CEC-8171-CAB6BC96F361}.Release|Any CPU.ActiveCfg = Release|Any CPU
		{0F7340B2-0308-4CEC-8171-CAB6BC96F361}.Release|Any CPU.Build.0 = Release|Any CPU
		{6D678414-FD0F-4D3A-9FAE-CDAA8329E58C}.Debug|Any CPU.ActiveCfg = Debug|Any CPU
		{6D678414-FD0F-4D3A-9FAE-CDAA8329E58C}.Debug|Any CPU.Build.0 = Debug|Any CPU
		{6D678414-FD0F-4D3A-9FAE-CDAA8329E58C}.Release|Any CPU.ActiveCfg = Release|Any CPU
		{6D678414-FD0F-4D3A-9FAE-CDAA8329E58C}.Release|Any CPU.Build.0 = Release|Any CPU
		{B6E7293E-3C01-41FB-9ABE-4D42A9E210CE}.Debug|Any CPU.ActiveCfg = Debug|Any CPU
		{B6E7293E-3C01-41FB-9ABE-4D42A9E210CE}.Debug|Any CPU.Build.0 = Debug|Any CPU
		{B6E7293E-3C01-41FB-9ABE-4D42A9E210CE}.Release|Any CPU.ActiveCfg = Release|Any CPU
		{B6E7293E-3C01-41FB-9ABE-4D42A9E210CE}.Release|Any CPU.Build.0 = Release|Any CPU
		{09D30E7C-EAB7-4E40-A3EC-A0F04D9B6462}.Debug|Any CPU.ActiveCfg = Debug|Any CPU
		{09D30E7C-EAB7-4E40-A3EC-A0F04D9B6462}.Debug|Any CPU.Build.0 = Debug|Any CPU
		{09D30E7C-EAB7-4E40-A3EC-A0F04D9B6462}.Release|Any CPU.ActiveCfg = Release|Any CPU
		{09D30E7C-EAB7-4E40-A3EC-A0F04D9B6462}.Release|Any CPU.Build.0 = Release|Any CPU
		{D8522B46-5FFD-42DA-80E1-3B7BA8586FC7}.Debug|Any CPU.ActiveCfg = Debug|Any CPU
		{D8522B46-5FFD-42DA-80E1-3B7BA8586FC7}.Debug|Any CPU.Build.0 = Debug|Any CPU
		{D8522B46-5FFD-42DA-80E1-3B7BA8586FC7}.Release|Any CPU.ActiveCfg = Release|Any CPU
		{D8522B46-5FFD-42DA-80E1-3B7BA8586FC7}.Release|Any CPU.Build.0 = Release|Any CPU
		{7FDA51AA-1C83-4A0B-A3E1-410D474CB385}.Debug|Any CPU.ActiveCfg = Debug|Any CPU
		{7FDA51AA-1C83-4A0B-A3E1-410D474CB385}.Debug|Any CPU.Build.0 = Debug|Any CPU
		{7FDA51AA-1C83-4A0B-A3E1-410D474CB385}.Release|Any CPU.ActiveCfg = Release|Any CPU
		{7FDA51AA-1C83-4A0B-A3E1-410D474CB385}.Release|Any CPU.Build.0 = Release|Any CPU
		{C2A3C8B5-E06B-4B99-A47E-9AC8619D27D1}.Debug|Any CPU.ActiveCfg = Debug|Any CPU
		{C2A3C8B5-E06B-4B99-A47E-9AC8619D27D1}.Debug|Any CPU.Build.0 = Debug|Any CPU
		{C2A3C8B5-E06B-4B99-A47E-9AC8619D27D1}.Release|Any CPU.ActiveCfg = Release|Any CPU
		{C2A3C8B5-E06B-4B99-A47E-9AC8619D27D1}.Release|Any CPU.Build.0 = Release|Any CPU
		{13CB237B-1B6A-4A3A-9BE6-5629238CE286}.Debug|Any CPU.ActiveCfg = Debug|Any CPU
		{13CB237B-1B6A-4A3A-9BE6-5629238CE286}.Debug|Any CPU.Build.0 = Debug|Any CPU
		{13CB237B-1B6A-4A3A-9BE6-5629238CE286}.Release|Any CPU.ActiveCfg = Release|Any CPU
		{13CB237B-1B6A-4A3A-9BE6-5629238CE286}.Release|Any CPU.Build.0 = Release|Any CPU
		{40E872DE-0DB5-417F-B938-078A390F8D09}.Debug|Any CPU.ActiveCfg = Debug|Any CPU
		{40E872DE-0DB5-417F-B938-078A390F8D09}.Debug|Any CPU.Build.0 = Debug|Any CPU
		{40E872DE-0DB5-417F-B938-078A390F8D09}.Release|Any CPU.ActiveCfg = Release|Any CPU
		{40E872DE-0DB5-417F-B938-078A390F8D09}.Release|Any CPU.Build.0 = Release|Any CPU
		{7D3301E0-32EE-4B92-B542-A8761CA46827}.Debug|Any CPU.ActiveCfg = Debug|Any CPU
		{7D3301E0-32EE-4B92-B542-A8761CA46827}.Debug|Any CPU.Build.0 = Debug|Any CPU
		{7D3301E0-32EE-4B92-B542-A8761CA46827}.Release|Any CPU.ActiveCfg = Release|Any CPU
		{7D3301E0-32EE-4B92-B542-A8761CA46827}.Release|Any CPU.Build.0 = Release|Any CPU
		{796B1984-B39A-4BAB-A352-1F3132CAD326}.Debug|Any CPU.ActiveCfg = Debug|Any CPU
		{796B1984-B39A-4BAB-A352-1F3132CAD326}.Debug|Any CPU.Build.0 = Debug|Any CPU
		{796B1984-B39A-4BAB-A352-1F3132CAD326}.Release|Any CPU.ActiveCfg = Release|Any CPU
		{796B1984-B39A-4BAB-A352-1F3132CAD326}.Release|Any CPU.Build.0 = Release|Any CPU
		{F36730B7-2847-4F47-BB59-8288A9405C56}.Debug|Any CPU.ActiveCfg = Debug|Any CPU
		{F36730B7-2847-4F47-BB59-8288A9405C56}.Debug|Any CPU.Build.0 = Debug|Any CPU
		{F36730B7-2847-4F47-BB59-8288A9405C56}.Release|Any CPU.ActiveCfg = Release|Any CPU
		{F36730B7-2847-4F47-BB59-8288A9405C56}.Release|Any CPU.Build.0 = Release|Any CPU
		{3C9E88BD-EE79-4D89-979D-3552A7C2A962}.Debug|Any CPU.ActiveCfg = Debug|Any CPU
		{3C9E88BD-EE79-4D89-979D-3552A7C2A962}.Debug|Any CPU.Build.0 = Debug|Any CPU
		{3C9E88BD-EE79-4D89-979D-3552A7C2A962}.Release|Any CPU.ActiveCfg = Release|Any CPU
		{3C9E88BD-EE79-4D89-979D-3552A7C2A962}.Release|Any CPU.Build.0 = Release|Any CPU
		{1B4FC3F8-C153-4590-8F8D-709EEE056059}.Debug|Any CPU.ActiveCfg = Debug|Any CPU
		{1B4FC3F8-C153-4590-8F8D-709EEE056059}.Debug|Any CPU.Build.0 = Debug|Any CPU
		{1B4FC3F8-C153-4590-8F8D-709EEE056059}.Release|Any CPU.ActiveCfg = Release|Any CPU
		{1B4FC3F8-C153-4590-8F8D-709EEE056059}.Release|Any CPU.Build.0 = Release|Any CPU
		{AD13A0A6-6C82-4647-B5D2-AB2CFA66ADD7}.Debug|Any CPU.ActiveCfg = Debug|Any CPU
		{AD13A0A6-6C82-4647-B5D2-AB2CFA66ADD7}.Debug|Any CPU.Build.0 = Debug|Any CPU
		{AD13A0A6-6C82-4647-B5D2-AB2CFA66ADD7}.Release|Any CPU.ActiveCfg = Release|Any CPU
		{AD13A0A6-6C82-4647-B5D2-AB2CFA66ADD7}.Release|Any CPU.Build.0 = Release|Any CPU
		{D19CDD64-D61F-495E-B654-8B894E07E6FF}.Debug|Any CPU.ActiveCfg = Debug|Any CPU
		{D19CDD64-D61F-495E-B654-8B894E07E6FF}.Debug|Any CPU.Build.0 = Debug|Any CPU
		{D19CDD64-D61F-495E-B654-8B894E07E6FF}.Release|Any CPU.ActiveCfg = Release|Any CPU
		{D19CDD64-D61F-495E-B654-8B894E07E6FF}.Release|Any CPU.Build.0 = Release|Any CPU
	EndGlobalSection
	GlobalSection(SolutionProperties) = preSolution
		HideSolutionNode = FALSE
	EndGlobalSection
	GlobalSection(NestedProjects) = preSolution
		{D7EF49F6-5D52-4C30-B757-F98DEC320428} = {68F4B255-0134-45ED-824A-434E9A70BE56}
		{0F7340B2-0308-4CEC-8171-CAB6BC96F361} = {68F4B255-0134-45ED-824A-434E9A70BE56}
		{6D678414-FD0F-4D3A-9FAE-CDAA8329E58C} = {68F4B255-0134-45ED-824A-434E9A70BE56}
		{B6E7293E-3C01-41FB-9ABE-4D42A9E210CE} = {68F4B255-0134-45ED-824A-434E9A70BE56}
		{09D30E7C-EAB7-4E40-A3EC-A0F04D9B6462} = {68F4B255-0134-45ED-824A-434E9A70BE56}
		{D8522B46-5FFD-42DA-80E1-3B7BA8586FC7} = {11300284-77EB-43D9-866D-06EADA9DBFEF}
		{7FDA51AA-1C83-4A0B-A3E1-410D474CB385} = {11300284-77EB-43D9-866D-06EADA9DBFEF}
		{C2A3C8B5-E06B-4B99-A47E-9AC8619D27D1} = {11300284-77EB-43D9-866D-06EADA9DBFEF}
		{13CB237B-1B6A-4A3A-9BE6-5629238CE286} = {11300284-77EB-43D9-866D-06EADA9DBFEF}
		{40E872DE-0DB5-417F-B938-078A390F8D09} = {EA0EB936-C7BA-426C-9E50-71072947B8CF}
		{7D3301E0-32EE-4B92-B542-A8761CA46827} = {EA0EB936-C7BA-426C-9E50-71072947B8CF}
		{796B1984-B39A-4BAB-A352-1F3132CAD326} = {76D7E202-ED75-483A-8B8B-2A1D0BBD1DCD}
		{F36730B7-2847-4F47-BB59-8288A9405C56} = {76D7E202-ED75-483A-8B8B-2A1D0BBD1DCD}
		{3C9E88BD-EE79-4D89-979D-3552A7C2A962} = {76D7E202-ED75-483A-8B8B-2A1D0BBD1DCD}
		{1B4FC3F8-C153-4590-8F8D-709EEE056059} = {76D7E202-ED75-483A-8B8B-2A1D0BBD1DCD}
		{AD13A0A6-6C82-4647-B5D2-AB2CFA66ADD7} = {F63B8C35-E482-4F14-90DC-3D06CF69A010}
		{D19CDD64-D61F-495E-B654-8B894E07E6FF} = {F63B8C35-E482-4F14-90DC-3D06CF69A010}
	EndGlobalSection
EndGlobal
